# This file is autogenerated, do not edit; changes may be undone by the next 'dep ensure'.


[[projects]]
  digest = "1:7736fc6da04620727f8f3aa2ced8d77be8e074a302820937aa5993848c769b27"
  name = "github.com/ZondaX/hid-go"
  packages = ["."]
  pruneopts = "UT"
  revision = "48b08affede2cea076a3cf13b2e3f72ed262b743"
  version = "v0.4.0"

[[projects]]
  digest = "1:1ba351898f7efc68c7c9ff3145b920e478f716b077fdaaf06b967c5d883fa988"
  name = "github.com/ZondaX/ledger-go"
  packages = ["."]
  pruneopts = "UT"
  revision = "c3225ab10c2f53397d4aa419a588466493572b22"
  version = "v0.4.0"

[[projects]]
  branch = "master"
  digest = "1:c0decf632843204d2b8781de7b26e7038584e2dcccc7e2f401e88ae85b1df2b7"
  name = "github.com/btcsuite/btcd"
  packages = ["btcec"]
  pruneopts = "UT"
  revision = "67e573d211ace594f1366b4ce9d39726c4b19bd0"

[[projects]]
  digest = "1:ffe9824d294da03b391f44e1ae8281281b4afc1bdaa9588c9097785e3af10cec"
  name = "github.com/davecgh/go-spew"
  packages = ["spew"]
  pruneopts = "UT"
  revision = "8991bc29aa16c548c550c7ff78260e27b9ab7c73"
  version = "v1.1.1"

[[projects]]
  digest = "1:704b145137b5555c6bac6a7e52875e4df8a0a1b7ea74aaae864abcab61e672b0"
  name = "github.com/go-kit/kit"
  packages = [
    "log",
    "log/level",
    "log/term"
  ]
  pruneopts = "UT"
  revision = "4dc7be5d2d12881735283bcab7352178e190fc71"
  version = "v0.6.0"

[[projects]]
  digest = "1:31a18dae27a29aa074515e43a443abfd2ba6deb6d69309d8d7ce789c45f34659"
  name = "github.com/go-logfmt/logfmt"
  packages = ["."]
  pruneopts = "UT"
  revision = "390ab7935ee28ec6b286364bba9b4dd6410cb3d5"
  version = "v0.3.0"

[[projects]]
  digest = "1:586ea76dbd0374d6fb649a91d70d652b7fe0ccffb8910a77468e7702e7901f3d"
  name = "github.com/go-stack/stack"
  packages = ["."]
  pruneopts = "UT"
  revision = "2fee6af1a9795aafbe0253a0cfbdf668e1fb8a9a"
  version = "v1.8.0"

[[projects]]
  digest = "1:bfc758d5a03d57d97226fac6934551c01bd76612adb119c177395b057a0a46db"
  name = "github.com/gogo/protobuf"
  packages = [
    "gogoproto",
    "proto",
    "protoc-gen-gogo/descriptor"
  ]
  pruneopts = "UT"
  revision = "636bf0302bc95575d69441b25a2603156ffdddf1"
  version = "v1.1.1"

[[projects]]
  digest = "1:15042ad3498153684d09f393bbaec6b216c8eec6d61f63dff711de7d64ed8861"
  name = "github.com/golang/protobuf"
  packages = ["proto"]
  pruneopts = "UT"
  revision = "b4deda0973fb4c70b50d226b1af49f3da59f5265"
  version = "v1.1.0"

[[projects]]
  branch = "master"
  digest = "1:a64e323dc06b73892e5bb5d040ced475c4645d456038333883f58934abbf6f72"
  name = "github.com/kr/logfmt"
  packages = ["."]
  pruneopts = "UT"
  revision = "b84e30acd515aadc4b783ad4ff83aff3299bdfe0"

[[projects]]
  digest = "1:40e195917a951a8bf867cd05de2a46aaf1806c50cf92eebf4c16f78cd196f747"
  name = "github.com/pkg/errors"
  packages = ["."]
  pruneopts = "UT"
  revision = "645ef00459ed84a119197bfb8d8205042c6df63d"
  version = "v0.8.0"

[[projects]]
  digest = "1:0028cb19b2e4c3112225cd871870f2d9cf49b9b4276531f03438a88e94be86fe"
  name = "github.com/pmezard/go-difflib"
  packages = ["difflib"]
  pruneopts = "UT"
  revision = "792786c7400a136282c1664665ae0a8db921c6c2"
  version = "v1.0.0"

[[projects]]
  digest = "1:c40d65817cdd41fac9aa7af8bed56927bb2d6d47e4fea566a74880f5c2b1c41e"
  name = "github.com/stretchr/testify"
  packages = [
    "assert",
    "require"
  ]
  pruneopts = "UT"
  revision = "f35b8ab0b5a2cef36673838d662e249dd9c94686"
  version = "v1.2.2"

[[projects]]
  digest = "1:19d11835d904acb49bf5f1144f7bcd5bb93f629360e6d110377ead3dbb4e2469"
  name = "github.com/tendermint/tendermint"
  packages = [
    "crypto",
    "crypto/tmhash",
    "libs/common",
    "libs/log"
  ]
  pruneopts = "UT"
  revision = "22dcc92232cd04ce7381043e09d85dd536ae3b96"
  version = "v0.26.3"

[[projects]]
  digest = "1:446c58ba05d3c14faf33e87b81b2fdf68c235e1d89259860d3eae588c8005f9c"
  name = "golang.org/x/crypto"
  packages = [
    "chacha20poly1305",
    "internal/chacha20",
    "internal/subtle",
    "poly1305",
    "ripemd160"
  ]
  pruneopts = "UT"
  revision = "3764759f34a542a3aef74d6b02e35be7ab893bba"
  source = "github.com/tendermint/crypto"

[[projects]]
  branch = "master"
  digest = "1:8392490b249a3602a13813be12324d3b16eca044ae185ff32cdd9e267706e208"
  name = "golang.org/x/sys"
  packages = ["cpu"]
  pruneopts = "UT"
  revision = "ec83556a53fe16b65c452a104ea9d1e86a671852"

[solve-meta]
  analyzer-name = "dep"
  analyzer-version = 1
  input-imports = [
    "github.com/ZondaX/ledger-go",
    "github.com/btcsuite/btcd/btcec",
    "github.com/stretchr/testify/assert",
    "github.com/stretchr/testify/require",
    "github.com/tendermint/tendermint/crypto"
  ]
  solver-name = "gps-cdcl"
  solver-version = 1
